lockfileVersion: 5.3

specifiers:
  '@types/acorn': ^4.0.6
  acorn: ^8.6.0

devDependencies:
  '@types/acorn': 4.0.6
  acorn: 8.6.0

packages:

  /@types/acorn/4.0.6:
    resolution: {integrity: sha512-veQTnWP+1D/xbxVrPC3zHnCZRjSrKfhbMUlEA43iMZLu7EsnTtkJklIuwrCPbOi8YkvDQAiW05VQQFvvz9oieQ==}
    dependencies:
      '@types/estree': 0.0.50
    dev: true

  /@types/estree/0.0.50:
    resolution: {integrity: sha512-C6N5s2ZFtuZRj54k2/zyRhNDjJwwcViAM3Nbm8zjBpbqAdZ00mr0CFxvSKeO8Y/e03WVFLpQMdHYVfUd6SB+Hw==}
    dev: true

  /acorn/8.6.0:
    resolution: {integrity: sha512-U1riIR+lBSNi3IbxtaHOIKdH8sLFv3NYfNv8sg7ZsNhcfl4HF2++BfqqrNAxoCLQW1iiylOj76ecnaUxz+z9yw==}
    engines: {node: '>=0.4.0'}
    hasBin: true
    dev: true
